// !$*UTF8*$!
{
	archiveVersion = 1;
	classes = {
	};
	objectVersion = 56;
	objects = {

/* Begin PBXBuildFile section */
		E1B79E3D29A2BDCB004E5A5C /* TurtleFocusApp.swift in Sources */ = {isa = PBXBuildFile; fileRef = E1B79E3C29A2BDCB004E5A5C /* TurtleFocusApp.swift */; };
		E1B79E3F29A2BDCB004E5A5C /* ContentView.swift in Sources */ = {isa = PBXBuildFile; fileRef = E1B79E3E29A2BDCB004E5A5C /* ContentView.swift */; };
		E1B79E4129A2BDCF004E5A5C /* Assets.xcassets in Resources */ = {isa = PBXBuildFile; fileRef = E1B79E4029A2BDCF004E5A5C /* Assets.xcassets */; };
		E1B79E4429A2BDCF004E5A5C /* Preview Assets.xcassets in Resources */ = {isa = PBXBuildFile; fileRef = E1B79E4329A2BDCF004E5A5C /* Preview Assets.xcassets */; };
		E1B79E4629A2BDCF004E5A5C /* Persistence.swift in Sources */ = {isa = PBXBuildFile; fileRef = E1B79E4529A2BDCF004E5A5C /* Persistence.swift */; };
		E1B79E4929A2BDCF004E5A5C /* TurtleFocus.xcdatamodeld in Sources */ = {isa = PBXBuildFile; fileRef = E1B79E4729A2BDCF004E5A5C /* TurtleFocus.xcdatamodeld */; };
/* End PBXBuildFile section */

/* Begin PBXFileReference section */
		E1B79E3929A2BDCB004E5A5C /* TurtleFocus.app */ = {isa = PBXFileReference; explicitFileType = wrapper.application; includeInIndex = 0; path = TurtleFocus.app; sourceTree = BUILT_PRODUCTS_DIR; };
		E1B79E3C29A2BDCB004E5A5C /* TurtleFocusApp.swift */ = {isa = PBXFileReference; lastKnownFileType = sourcecode.swift; path = TurtleFocusApp.swift; sourceTree = "<group>"; };
		E1B79E3E29A2BDCB004E5A5C /* ContentView.swift */ = {isa = PBXFileReference; lastKnownFileType = sourcecode.swift; path = ContentView.swift; sourceTree = "<group>"; };
		E1B79E4029A2BDCF004E5A5C /* Assets.xcassets */ = {isa = PBXFileReference; lastKnownFileType = folder.assetcatalog; path = Assets.xcassets; sourceTree = "<group>"; };
		E1B79E4329A2BDCF004E5A5C /* Preview Assets.xcassets */ = {isa = PBXFileReference; lastKnownFileType = folder.assetcatalog; path = "Preview Assets.xcassets"; sourceTree = "<group>"; };
		E1B79E4529A2BDCF004E5A5C /* Persistence.swift */ = {isa = PBXFileReference; lastKnownFileType = sourcecode.swift; path = Persistence.swift; sourceTree = "<group>"; };
		E1B79E4829A2BDCF004E5A5C /* TurtleFocus.xcdatamodel */ = {isa = PBXFileReference; lastKnownFileType = wrapper.xcdatamodel; path = TurtleFocus.xcdatamodel; sourceTree = "<group>"; };
/* End PBXFileReference section */

/* Begin PBXFrameworksBuildPhase section */
		E1B79E3629A2BDCB004E5A5C /* Frameworks */ = {
			isa = PBXFrameworksBuildPhase;
			buildActionMask = 2147483647;
			files = (
			);
			runOnlyForDeploymentPostprocessing = 0;
		};
/* End PBXFrameworksBuildPhase section */

/* Begin PBXGroup section */
		E1B79E3029A2BDCB004E5A5C = {
			isa = PBXGroup;
			children = (
				E1B79E3B29A2BDCB004E5A5C /* TurtleFocus */,
				E1B79E3A29A2BDCB004E5A5C /* Products */,
			);
			sourceTree = "<group>";
		};
		E1B79E3A29A2BDCB004E5A5C /* Products */ = {
			isa = PBXGroup;
			children = (
				E1B79E3929A2BDCB004E5A5C /* TurtleFocus.app */,
			);
			name = Products;
			sourceTree = "<group>";
		};
		E1B79E3B29A2BDCB004E5A5C /* TurtleFocus */ = {
			isa = PBXGroup;
			children = (
				E1B79E3C29A2BDCB004E5A5C /* TurtleFocusApp.swift */,
				E1B79E3E29A2BDCB004E5A5C /* ContentView.swift */,
				E1B79E4029A2BDCF004E5A5C /* Assets.xcassets */,
				E1B79E4529A2BDCF004E5A5C /* Persistence.swift */,
				E1B79E4729A2BDCF004E5A5C /* TurtleFocus.xcdatamodeld */,
				E1B79E4229A2BDCF004E5A5C /* Preview Content */,
			);
			path = TurtleFocus;
			sourceTree = "<group>";
		};
		E1B79E4229A2BDCF004E5A5C /* Preview Content */ = {
			isa = PBXGroup;
			children = (
				E1B79E4329A2BDCF004E5A5C /* Preview Assets.xcassets */,
			);
			path = "Preview Content";
			sourceTree = "<group>";
		};
/* End PBXGroup section */

/* Begin PBXNativeTarget section */
		E1B79E3829A2BDCB004E5A5C /* TurtleFocus */ = {
			isa = PBXNativeTarget;
			buildConfigurationList = E1B79E4C29A2BDCF004E5A5C /* Build configuration list for PBXNativeTarget "TurtleFocus" */;
			buildPhases = (
				E1B79E3529A2BDCB004E5A5C /* Sources */,
				E1B79E3629A2BDCB004E5A5C /* Frameworks */,
				E1B79E3729A2BDCB004E5A5C /* Resources */,
			);
			buildRules = (
			);
			dependencies = (
			);
			name = TurtleFocus;
			productName = TurtleFocus;
			productReference = E1B79E3929A2BDCB004E5A5C /* TurtleFocus.app */;
			productType = "com.apple.product-type.application";
		};
/* End PBXNativeTarget section */

/* Begin PBXProject section */
		E1B79E3129A2BDCB004E5A5C /* Project object */ = {
			isa = PBXProject;
			attributes = {
				BuildIndependentTargetsInParallel = 1;
				LastSwiftUpdateCheck = 1400;
				LastUpgradeCheck = 1400;
				TargetAttributes = {
					E1B79E3829A2BDCB004E5A5C = {
						CreatedOnToolsVersion = 14.0.1;
					};
				};
			};
			buildConfigurationList = E1B79E3429A2BDCB004E5A5C /* Build configuration list for PBXProject "TurtleFocus" */;
			compatibilityVersion = "Xcode 14.0";
			developmentRegion = en;
			hasScannedForEncodings = 0;
			knownRegions = (
				en,
				Base,
			);
			mainGroup = E1B79E3029A2BDCB004E5A5C;
			productRefGroup = E1B79E3A29A2BDCB004E5A5C /* Products */;
			projectDirPath = "";
			projectRoot = "";
			targets = (
				E1B79E3829A2BDCB004E5A5C /* TurtleFocus */,
			);
		};
/* End PBXProject section */

/* Begin PBXResourcesBuildPhase section */
		E1B79E3729A2BDCB004E5A5C /* Resources */ = {
			isa = PBXResourcesBuildPhase;
			buildActionMask = 2147483647;
			files = (
				E1B79E4429A2BDCF004E5A5C /* Preview Assets.xcassets in Resources */,
				E1B79E4129A2BDCF004E5A5C /* Assets.xcassets in Resources */,
			);
			runOnlyForDeploymentPostprocessing = 0;
		};
/* End PBXResourcesBuildPhase section */

/* Begin PBXSourcesBuildPhase section */
		E1B79E3529A2BDCB004E5A5C /* Sources */ = {
			isa = PBXSourcesBuildPhase;
			buildActionMask = 2147483647;
			files = (
				E1B79E4929A2BDCF004E5A5C /* TurtleFocus.xcdatamodeld in Sources */,
				E1B79E4629A2BDCF004E5A5C /* Persistence.swift in Sources */,
				E1B79E3F29A2BDCB004E5A5C /* ContentView.swift in Sources */,
				E1B79E3D29A2BDCB004E5A5C /* TurtleFocusApp.swift in Sources */,
			);
			runOnlyForDeploymentPostprocessing = 0;
		};
/* End PBXSourcesBuildPhase section */

/* Begin XCBuildConfiguration section */
		E1B79E4A29A2BDCF004E5A5C /* Debug */ = {
			isa = XCBuildConfiguration;
			buildSettings = {
				ALWAYS_SEARCH_USER_PATHS = NO;
				CLANG_ANALYZER_NONNULL = YES;
				CLANG_ANALYZER_NUMBER_OBJECT_CONVERSION = YES_AGGRESSIVE;
				CLANG_CXX_LANGUAGE_STANDARD = "gnu++20";
				CLANG_ENABLE_MODULES = YES;
				CLANG_ENABLE_OBJC_ARC = YES;
				CLANG_ENABLE_OBJC_WEAK = YES;
				CLANG_WARN_BLOCK_CAPTURE_AUTORELEASING = YES;
				CLANG_WARN_BOOL_CONVERSION = YES;
				CLANG_WARN_COMMA = YES;
				CLANG_WARN_CONSTANT_CONVERSION = YES;
				CLANG_WARN_DEPRECATED_OBJC_IMPLEMENTATIONS = YES;
				CLANG_WARN_DIRECT_OBJC_ISA_USAGE = YES_ERROR;
				CLANG_WARN_DOCUMENTATION_COMMENTS = YES;
				CLANG_WARN_EMPTY_BODY = YES;
				CLANG_WARN_ENUM_CONVERSION = YES;
				CLANG_WARN_INFINITE_RECURSION = YES;
				CLANG_WARN_INT_CONVERSION = YES;
				CLANG_WARN_NON_LITERAL_NULL_CONVERSION = YES;
				CLANG_WARN_OBJC_IMPLICIT_RETAIN_SELF = YES;
				CLANG_WARN_OBJC_LITERAL_CONVERSION = YES;
				CLANG_WARN_OBJC_ROOT_CLASS = YES_ERROR;
				CLANG_WARN_QUOTED_INCLUDE_IN_FRAMEWORK_HEADER = YES;
				CLANG_WARN_RANGE_LOOP_ANALYSIS = YES;
				CLANG_WARN_STRICT_PROTOTYPES = YES;
				CLANG_WARN_SUSPICIOUS_MOVE = YES;
				CLANG_WARN_UNGUARDED_AVAILABILITY = YES_AGGRESSIVE;
				CLANG_WARN_UNREACHABLE_CODE = YES;
				CLANG_WARN__DUPLICATE_METHOD_MATCH = YES;
				COPY_PHASE_STRIP = NO;
				DEBUG_INFORMATION_FORMAT = dwarf;
				ENABLE_STRICT_OBJC_MSGSEND = YES;
				ENABLE_TESTABILITY = YES;
				GCC_C_LANGUAGE_STANDARD = gnu11;
				GCC_DYNAMIC_NO_PIC = NO;
				GCC_NO_COMMON_BLOCKS = YES;
				GCC_OPTIMIZATION_LEVEL = 0;
				GCC_PREPROCESSOR_DEFINITIONS = (
					"DEBUG=1",
					"$(inherited)",
				);
				GCC_WARN_64_TO_32_BIT_CONVERSION = YES;
				GCC_WARN_ABOUT_RETURN_TYPE = YES_ERROR;
				GCC_WARN_UNDECLARED_SELECTOR = YES;
				GCC_WARN_UNINITIALIZED_AUTOS = YES_AGGRESSIVE;
				GCC_WARN_UNUSED_FUNCTION = YES;
				GCC_WARN_UNUSED_VARIABLE = YES;
				IPHONEOS_DEPLOYMENT_TARGET = 16.0;
				MTL_ENABLE_DEBUG_INFO = INCLUDE_SOURCE;
				MTL_FAST_MATH = YES;
				ONLY_ACTIVE_ARCH = YES;
				SDKROOT = iphoneos;
				SWIFT_ACTIVE_COMPILATION_CONDITIONS = DEBUG;
				SWIFT_OPTIMIZATION_LEVEL = "-Onone";
			};
			name = Debug;
		};
		E1B79E4B29A2BDCF004E5A5C /* Release */ = {
			isa = XCBuildConfiguration;
			buildSettings = {
				ALWAYS_SEARCH_USER_PATHS = NO;
				CLANG_ANALYZER_NONNULL = YES;
				CLANG_ANALYZER_NUMBER_OBJECT_CONVERSION = YES_AGGRESSIVE;
				CLANG_CXX_LANGUAGE_STANDARD = "gnu++20";
				CLANG_ENABLE_MODULES = YES;
				CLANG_ENABLE_OBJC_ARC = YES;
				CLANG_ENABLE_OBJC_WEAK = YES;
				CLANG_WARN_BLOCK_CAPTURE_AUTORELEASING = YES;
				CLANG_WARN_BOOL_CONVERSION = YES;
				CLANG_WARN_COMMA = YES;
				CLANG_WARN_CONSTANT_CONVERSION = YES;
				CLANG_WARN_DEPRECATED_OBJC_IMPLEMENTATIONS = YES;
				CLANG_WARN_DIRECT_OBJC_ISA_USAGE = YES_ERROR;
				CLANG_WARN_DOCUMENTATION_COMMENTS = YES;
				CLANG_WARN_EMPTY_BODY = YES;
				CLANG_WARN_ENUM_CONVERSION = YES;
				CLANG_WARN_INFINITE_RECURSION = YES;
				CLANG_WARN_INT_CONVERSION = YES;
				CLANG_WARN_NON_LITERAL_NULL_CONVERSION = YES;
				CLANG_WARN_OBJC_IMPLICIT_RETAIN_SELF = YES;
				CLANG_WARN_OBJC_LITERAL_CONVERSION = YES;
				CLANG_WARN_OBJC_ROOT_CLASS = YES_ERROR;
				CLANG_WARN_QUOTED_INCLUDE_IN_FRAMEWORK_HEADER = YES;
				CLANG_WARN_RANGE_LOOP_ANALYSIS = YES;
				CLANG_WARN_STRICT_PROTOTYPES = YES;
				CLANG_WARN_SUSPICIOUS_MOVE = YES;
				CLANG_WARN_UNGUARDED_AVAILABILITY = YES_AGGRESSIVE;
				CLANG_WARN_UNREACHABLE_CODE = YES;
				CLANG_WARN__DUPLICATE_METHOD_MATCH = YES;
				COPY_PHASE_STRIP = NO;
				DEBUG_INFORMATION_FORMAT = "dwarf-with-dsym";
				ENABLE_NS_ASSERTIONS = NO;
				ENABLE_STRICT_OBJC_MSGSEND = YES;
				GCC_C_LANGUAGE_STANDARD = gnu11;
				GCC_NO_COMMON_BLOCKS = YES;
				GCC_WARN_64_TO_32_BIT_CONVERSION = YES;
				GCC_WARN_ABOUT_RETURN_TYPE = YES_ERROR;
				GCC_WARN_UNDECLARED_SELECTOR = YES;
				GCC_WARN_UNINITIALIZED_AUTOS = YES_AGGRESSIVE;
				GCC_WARN_UNUSED_FUNCTION = YES;
				GCC_WARN_UNUSED_VARIABLE = YES;
				IPHONEOS_DEPLOYMENT_TARGET = 16.0;
				MTL_ENABLE_DEBUG_INFO = NO;
				MTL_FAST_MATH = YES;
				SDKROOT = iphoneos;
				SWIFT_COMPILATION_MODE = wholemodule;
				SWIFT_OPTIMIZATION_LEVEL = "-O";
				VALIDATE_PRODUCT = YES;
			};
			name = Release;
		};
		E1B79E4D29A2BDCF004E5A5C /* Debug */ = {
			isa = XCBuildConfiguration;
			buildSettings = {
				ASSETCATALOG_COMPILER_APPICON_NAME = AppIcon;
				ASSETCATALOG_COMPILER_GLOBAL_ACCENT_COLOR_NAME = AccentColor;
				CODE_SIGN_STYLE = Automatic;
				CURRENT_PROJECT_VERSION = 1;
				DEVELOPMENT_ASSET_PATHS = "\"TurtleFocus/Preview Content\"";
				DEVELOPMENT_TEAM = 7C2MU84W5P;
				ENABLE_PREVIEWS = YES;
				GENERATE_INFOPLIST_FILE = YES;
				INFOPLIST_KEY_UIApplicationSceneManifest_Generation = YES;
				INFOPLIST_KEY_UIApplicationSupportsIndirectInputEvents = YES;
				INFOPLIST_KEY_UILaunchScreen_Generation = YES;
				INFOPLIST_KEY_UISupportedInterfaceOrientations_iPad = "UIInterfaceOrientationPortrait UIInterfaceOrientationPortraitUpsideDown UIInterfaceOrientationLandscapeLeft UIInterfaceOrientationLandscapeRight";
				INFOPLIST_KEY_UISupportedInterfaceOrientations_iPhone = "UIInterfaceOrientationPortrait UIInterfaceOrientationLandscapeLeft UIInterfaceOrientationLandscapeRight";
				LD_RUNPATH_SEARCH_PATHS = (
					"$(inherited)",
					"@executable_path/Frameworks",
				);
				MARKETING_VERSION = 1.0;
				PRODUCT_BUNDLE_IDENTIFIER = co.uk.codingFromScratch.TurtleFocus;
				PRODUCT_NAME = "$(TARGET_NAME)";
				SWIFT_EMIT_LOC_STRINGS = YES;
				SWIFT_VERSION = 5.0;
				TARGETED_DEVICE_FAMILY = "1,2";
			};
			name = Debug;
		};
		E1B79E4E29A2BDCF004E5A5C /* Release */ = {
			isa = XCBuildConfiguration;
			buildSettings = {
				ASSETCATALOG_COMPILER_APPICON_NAME = AppIcon;
				ASSETCATALOG_COMPILER_GLOBAL_ACCENT_COLOR_NAME = AccentColor;
				CODE_SIGN_STYLE = Automatic;
				CURRENT_PROJECT_VERSION = 1;
				DEVELOPMENT_ASSET_PATHS = "\"TurtleFocus/Preview Content\"";
				DEVELOPMENT_TEAM = 7C2MU84W5P;
				ENABLE_PREVIEWS = YES;
				GENERATE_INFOPLIST_FILE = YES;
				INFOPLIST_KEY_UIApplicationSceneManifest_Generation = YES;
				INFOPLIST_KEY_UIApplicationSupportsIndirectInputEvents = YES;
				INFOPLIST_KEY_UILaunchScreen_Generation = YES;
				INFOPLIST_KEY_UISupportedInterfaceOrientations_iPad = "UIInterfaceOrientationPortrait UIInterfaceOrientationPortraitUpsideDown UIInterfaceOrientationLandscapeLeft UIInterfaceOrientationLandscapeRight";
				INFOPLIST_KEY_UISupportedInterfaceOrientations_iPhone = "UIInterfaceOrientationPortrait UIInterfaceOrientationLandscapeLeft UIInterfaceOrientationLandscapeRight";
				LD_RUNPATH_SEARCH_PATHS = (
					"$(inherited)",
					"@executable_path/Frameworks",
				);
				MARKETING_VERSION = 1.0;
				PRODUCT_BUNDLE_IDENTIFIER = co.uk.codingFromScratch.TurtleFocus;
				PRODUCT_NAME = "$(TARGET_NAME)";
				SWIFT_EMIT_LOC_STRINGS = YES;
				SWIFT_VERSION = 5.0;
				TARGETED_DEVICE_FAMILY = "1,2";
			};
			name = Release;
		};
/* End XCBuildConfiguration section */

/* Begin XCConfigurationList section */
		E1B79E3429A2BDCB004E5A5C /* Build configuration list for PBXProject "TurtleFocus" */ = {
			isa = XCConfigurationList;
			buildConfigurations = (
				E1B79E4A29A2BDCF004E5A5C /* Debug */,
				E1B79E4B29A2BDCF004E5A5C /* Release */,
			);
			defaultConfigurationIsVisible = 0;
			defaultConfigurationName = Release;
		};
		E1B79E4C29A2BDCF004E5A5C /* Build configuration list for PBXNativeTarget "TurtleFocus" */ = {
			isa = XCConfigurationList;
			buildConfigurations = (
				E1B79E4D29A2BDCF004E5A5C /* Debug */,
				E1B79E4E29A2BDCF004E5A5C /* Release */,
			);
			defaultConfigurationIsVisible = 0;
			defaultConfigurationName = Release;
		};
/* End XCConfigurationList section */

/* Begin XCVersionGroup section */
		E1B79E4729A2BDCF004E5A5C /* TurtleFocus.xcdatamodeld */ = {
			isa = XCVersionGroup;
			children = (
				E1B79E4829A2BDCF004E5A5C /* TurtleFocus.xcdatamodel */,
			);
			currentVersion = E1B79E4829A2BDCF004E5A5C /* TurtleFocus.xcdatamodel */;
			path = TurtleFocus.xcdatamodeld;
			sourceTree = "<group>";
			versionGroupType = wrapper.xcdatamodel;
		};
/* End XCVersionGroup section */
	};
	rootObject = E1B79E3129A2BDCB004E5A5C /* Project object */;
}
